
Microsoft Visual Studio Solution File, Format Version 12.00
# Visual Studio Version 17
VisualStudioVersion = 17.13.35919.96 d17.13
MinimumVisualStudioVersion = 10.0.40219.1
Project("{FAE04EC0-301F-11D3-BF4B-00C04F79EFBC}") = "ConsoleApp1", "ConsoleApp1\ConsoleApp1.csproj", "{C2F44983-4D81-4E48-A90C-DF06E754E529}"
EndProject
Global
	GlobalSection(SolutionConfigurationPlatforms) = preSolution
		Debug|Any CPU = Debug|Any CPU
		Release|Any CPU = Release|Any CPU
	EndGlobalSection
	GlobalSection(ProjectConfigurationPlatforms) = postSolution
		{C2F44983-4D81-4E48-A90C-DF06E754E529}.Debug|Any CPU.ActiveCfg = Debug|Any CPU
		{C2F44983-4D81-4E48-A90C-DF06E754E529}.Debug|Any CPU.Build.0 = Debug|Any CPU
		{C2F44983-4D81-4E48-A90C-DF06E754E529}.Release|Any CPU.ActiveCfg = Release|Any CPU
		{C2F44983-4D81-4E48-A90C-DF06E754E529}.Release|Any CPU.Build.0 = Release|Any CPU
	EndGlobalSection
	GlobalSection(SolutionProperties) = preSolution
		HideSolutionNode = FALSE
	EndGlobalSection
	GlobalSection(ExtensibilityGlobals) = postSolution
		SolutionGuid = {9EBC3167-2150-472F-A664-68AEBF51F5B9}
	EndGlobalSection
EndGlobal
